// !$*UTF8*$!
{
	archiveVersion = 1;
	classes = {
	};
	objectVersion = 50;
	objects = {

/* Begin PBXBuildFile section */
		9537023B24475B6200A7314F /* AppDelegate.swift in Sources */ = {isa = PBXBuildFile; fileRef = 9537023A24475B6200A7314F /* AppDelegate.swift */; };
		9537023D24475B6200A7314F /* MainView.swift in Sources */ = {isa = PBXBuildFile; fileRef = 9537023C24475B6200A7314F /* MainView.swift */; };
		9537023F24475B6500A7314F /* Assets.xcassets in Resources */ = {isa = PBXBuildFile; fileRef = 9537023E24475B6500A7314F /* Assets.xcassets */; };
		9537024224475B6500A7314F /* Preview Assets.xcassets in Resources */ = {isa = PBXBuildFile; fileRef = 9537024124475B6500A7314F /* Preview Assets.xcassets */; };
		9537024524475B6500A7314F /* Main.storyboard in Resources */ = {isa = PBXBuildFile; fileRef = 9537024324475B6500A7314F /* Main.storyboard */; };
		9537024F24475DB800A7314F /* capitals.json in Resources */ = {isa = PBXBuildFile; fileRef = 9537024D24475DB800A7314F /* capitals.json */; };
		9537025024475DB800A7314F /* math.json in Resources */ = {isa = PBXBuildFile; fileRef = 9537024E24475DB800A7314F /* math.json */; };
		9591649A2447BBBE00A218DF /* Deck.swift in Sources */ = {isa = PBXBuildFile; fileRef = 959164992447BBBE00A218DF /* Deck.swift */; };
		9591649C2447BBDE00A218DF /* CardView.swift in Sources */ = {isa = PBXBuildFile; fileRef = 9591649B2447BBDE00A218DF /* CardView.swift */; };
		9591649E2447BC3600A218DF /* CardBack.swift in Sources */ = {isa = PBXBuildFile; fileRef = 9591649D2447BC3600A218DF /* CardBack.swift */; };
		959164A02447BC5300A218DF /* CardFront.swift in Sources */ = {isa = PBXBuildFile; fileRef = 9591649F2447BC5300A218DF /* CardFront.swift */; };
		959164A22447BCA500A218DF /* GridStack.swift in Sources */ = {isa = PBXBuildFile; fileRef = 959164A12447BCA500A218DF /* GridStack.swift */; };
		959164A52447BD8B00A218DF /* Bundle+Decode.swift in Sources */ = {isa = PBXBuildFile; fileRef = 959164A42447BD8B00A218DF /* Bundle+Decode.swift */; };
		959164A72447BDA600A218DF /* Card.swift in Sources */ = {isa = PBXBuildFile; fileRef = 959164A62447BDA600A218DF /* Card.swift */; };
		959164A92447BDCD00A218DF /* CardState.swift in Sources */ = {isa = PBXBuildFile; fileRef = 959164A82447BDCD00A218DF /* CardState.swift */; };
		959164AB2447BDDA00A218DF /* CartPart.swift in Sources */ = {isa = PBXBuildFile; fileRef = 959164AA2447BDDA00A218DF /* CartPart.swift */; };
		959164AD2447BE1B00A218DF /* SettingsButton.swift in Sources */ = {isa = PBXBuildFile; fileRef = 959164AC2447BE1B00A218DF /* SettingsButton.swift */; };
		959164B02447BE7700A218DF /* Styles.swift in Sources */ = {isa = PBXBuildFile; fileRef = 959164AF2447BE7700A218DF /* Styles.swift */; };
		959164B22447BF4500A218DF /* SettingsView.swift in Sources */ = {isa = PBXBuildFile; fileRef = 959164B12447BF4500A218DF /* SettingsView.swift */; };
		959164B42447BF7100A218DF /* Settings.swift in Sources */ = {isa = PBXBuildFile; fileRef = 959164B32447BF7100A218DF /* Settings.swift */; };
		959164B82447C79900A218DF /* cars.json in Resources */ = {isa = PBXBuildFile; fileRef = 959164B72447C79900A218DF /* cars.json */; };
/* End PBXBuildFile section */

/* Begin PBXFileReference section */
		9537023724475B6200A7314F /* Pairs.app */ = {isa = PBXFileReference; explicitFileType = wrapper.application; includeInIndex = 0; path = Pairs.app; sourceTree = BUILT_PRODUCTS_DIR; };
		9537023A24475B6200A7314F /* AppDelegate.swift */ = {isa = PBXFileReference; lastKnownFileType = sourcecode.swift; path = AppDelegate.swift; sourceTree = "<group>"; };
		9537023C24475B6200A7314F /* MainView.swift */ = {isa = PBXFileReference; lastKnownFileType = sourcecode.swift; path = MainView.swift; sourceTree = "<group>"; };
		9537023E24475B6500A7314F /* Assets.xcassets */ = {isa = PBXFileReference; lastKnownFileType = folder.assetcatalog; path = Assets.xcassets; sourceTree = "<group>"; };
		9537024124475B6500A7314F /* Preview Assets.xcassets */ = {isa = PBXFileReference; lastKnownFileType = folder.assetcatalog; path = "Preview Assets.xcassets"; sourceTree = "<group>"; };
		9537024424475B6500A7314F /* Base */ = {isa = PBXFileReference; lastKnownFileType = file.storyboard; name = Base; path = Base.lproj/Main.storyboard; sourceTree = "<group>"; };
		9537024624475B6500A7314F /* Info.plist */ = {isa = PBXFileReference; lastKnownFileType = text.plist.xml; path = Info.plist; sourceTree = "<group>"; };
		9537024724475B6500A7314F /* Pairs.entitlements */ = {isa = PBXFileReference; lastKnownFileType = text.plist.entitlements; path = Pairs.entitlements; sourceTree = "<group>"; };
		9537024D24475DB800A7314F /* capitals.json */ = {isa = PBXFileReference; fileEncoding = 4; lastKnownFileType = text.json; path = capitals.json; sourceTree = "<group>"; };
		9537024E24475DB800A7314F /* math.json */ = {isa = PBXFileReference; fileEncoding = 4; lastKnownFileType = text.json; path = math.json; sourceTree = "<group>"; };
		959164992447BBBE00A218DF /* Deck.swift */ = {isa = PBXFileReference; lastKnownFileType = sourcecode.swift; path = Deck.swift; sourceTree = "<group>"; };
		9591649B2447BBDE00A218DF /* CardView.swift */ = {isa = PBXFileReference; lastKnownFileType = sourcecode.swift; path = CardView.swift; sourceTree = "<group>"; };
		9591649D2447BC3600A218DF /* CardBack.swift */ = {isa = PBXFileReference; lastKnownFileType = sourcecode.swift; path = CardBack.swift; sourceTree = "<group>"; };
		9591649F2447BC5300A218DF /* CardFront.swift */ = {isa = PBXFileReference; lastKnownFileType = sourcecode.swift; path = CardFront.swift; sourceTree = "<group>"; };
		959164A12447BCA500A218DF /* GridStack.swift */ = {isa = PBXFileReference; lastKnownFileType = sourcecode.swift; path = GridStack.swift; sourceTree = "<group>"; };
		959164A42447BD8B00A218DF /* Bundle+Decode.swift */ = {isa = PBXFileReference; lastKnownFileType = sourcecode.swift; path = "Bundle+Decode.swift"; sourceTree = "<group>"; };
		959164A62447BDA600A218DF /* Card.swift */ = {isa = PBXFileReference; lastKnownFileType = sourcecode.swift; path = Card.swift; sourceTree = "<group>"; };
		959164A82447BDCD00A218DF /* CardState.swift */ = {isa = PBXFileReference; lastKnownFileType = sourcecode.swift; path = CardState.swift; sourceTree = "<group>"; };
		959164AA2447BDDA00A218DF /* CartPart.swift */ = {isa = PBXFileReference; lastKnownFileType = sourcecode.swift; path = CartPart.swift; sourceTree = "<group>"; };
		959164AC2447BE1B00A218DF /* SettingsButton.swift */ = {isa = PBXFileReference; lastKnownFileType = sourcecode.swift; path = SettingsButton.swift; sourceTree = "<group>"; };
		959164AF2447BE7700A218DF /* Styles.swift */ = {isa = PBXFileReference; lastKnownFileType = sourcecode.swift; path = Styles.swift; sourceTree = "<group>"; };
		959164B12447BF4500A218DF /* SettingsView.swift */ = {isa = PBXFileReference; lastKnownFileType = sourcecode.swift; path = SettingsView.swift; sourceTree = "<group>"; };
		959164B32447BF7100A218DF /* Settings.swift */ = {isa = PBXFileReference; lastKnownFileType = sourcecode.swift; path = Settings.swift; sourceTree = "<group>"; };
		959164B72447C79900A218DF /* cars.json */ = {isa = PBXFileReference; fileEncoding = 4; lastKnownFileType = text.json; path = cars.json; sourceTree = "<group>"; };
/* End PBXFileReference section */

/* Begin PBXFrameworksBuildPhase section */
		9537023424475B6200A7314F /* Frameworks */ = {
			isa = PBXFrameworksBuildPhase;
			buildActionMask = 2147483647;
			files = (
			);
			runOnlyForDeploymentPostprocessing = 0;
		};
/* End PBXFrameworksBuildPhase section */

/* Begin PBXGroup section */
		9537022E24475B6200A7314F = {
			isa = PBXGroup;
			children = (
				9537023924475B6200A7314F /* Pairs */,
				9537023824475B6200A7314F /* Products */,
			);
			sourceTree = "<group>";
		};
		9537023824475B6200A7314F /* Products */ = {
			isa = PBXGroup;
			children = (
				9537023724475B6200A7314F /* Pairs.app */,
			);
			name = Products;
			sourceTree = "<group>";
		};
		9537023924475B6200A7314F /* Pairs */ = {
			isa = PBXGroup;
			children = (
				959164962447BB5E00A218DF /* Init */,
				959164982447BBAD00A218DF /* Model */,
				959164972447BB6800A218DF /* Resources */,
				959164A32447BD7A00A218DF /* Utils */,
				959164952447BB5100A218DF /* View */,
				9537023E24475B6500A7314F /* Assets.xcassets */,
				9537024624475B6500A7314F /* Info.plist */,
				9537024324475B6500A7314F /* Main.storyboard */,
				9537024724475B6500A7314F /* Pairs.entitlements */,
				9537024024475B6500A7314F /* Preview Content */,
			);
			path = Pairs;
			sourceTree = "<group>";
		};
		9537024024475B6500A7314F /* Preview Content */ = {
			isa = PBXGroup;
			children = (
				9537024124475B6500A7314F /* Preview Assets.xcassets */,
			);
			path = "Preview Content";
			sourceTree = "<group>";
		};
		959164952447BB5100A218DF /* View */ = {
			isa = PBXGroup;
			children = (
				9591649D2447BC3600A218DF /* CardBack.swift */,
				9591649F2447BC5300A218DF /* CardFront.swift */,
				9591649B2447BBDE00A218DF /* CardView.swift */,
				959164A12447BCA500A218DF /* GridStack.swift */,
				9537023C24475B6200A7314F /* MainView.swift */,
				959164AC2447BE1B00A218DF /* SettingsButton.swift */,
				959164B12447BF4500A218DF /* SettingsView.swift */,
				959164AE2447BE6E00A218DF /* Utils */,
			);
			path = View;
			sourceTree = "<group>";
		};
		959164962447BB5E00A218DF /* Init */ = {
			isa = PBXGroup;
			children = (
				9537023A24475B6200A7314F /* AppDelegate.swift */,
			);
			path = Init;
			sourceTree = "<group>";
		};
		959164972447BB6800A218DF /* Resources */ = {
			isa = PBXGroup;
			children = (
				9537024D24475DB800A7314F /* capitals.json */,
				959164B72447C79900A218DF /* cars.json */,
				9537024E24475DB800A7314F /* math.json */,
			);
			path = Resources;
			sourceTree = "<group>";
		};
		959164982447BBAD00A218DF /* Model */ = {
			isa = PBXGroup;
			children = (
				959164992447BBBE00A218DF /* Deck.swift */,
				959164A62447BDA600A218DF /* Card.swift */,
				959164A82447BDCD00A218DF /* CardState.swift */,
				959164AA2447BDDA00A218DF /* CartPart.swift */,
				959164B32447BF7100A218DF /* Settings.swift */,
			);
			path = Model;
			sourceTree = "<group>";
		};
		959164A32447BD7A00A218DF /* Utils */ = {
			isa = PBXGroup;
			children = (
				959164A42447BD8B00A218DF /* Bundle+Decode.swift */,
			);
			path = Utils;
			sourceTree = "<group>";
		};
		959164AE2447BE6E00A218DF /* Utils */ = {
			isa = PBXGroup;
			children = (
				959164AF2447BE7700A218DF /* Styles.swift */,
			);
			path = Utils;
			sourceTree = "<group>";
		};
/* End PBXGroup section */

/* Begin PBXNativeTarget section */
		9537023624475B6200A7314F /* Pairs */ = {
			isa = PBXNativeTarget;
			buildConfigurationList = 9537024A24475B6500A7314F /* Build configuration list for PBXNativeTarget "Pairs" */;
			buildPhases = (
				9537023324475B6200A7314F /* Sources */,
				9537023424475B6200A7314F /* Frameworks */,
				9537023524475B6200A7314F /* Resources */,
			);
			buildRules = (
			);
			dependencies = (
			);
			name = Pairs;
			productName = Pairs;
			productReference = 9537023724475B6200A7314F /* Pairs.app */;
			productType = "com.apple.product-type.application";
		};
/* End PBXNativeTarget section */

/* Begin PBXProject section */
		9537022F24475B6200A7314F /* Project object */ = {
			isa = PBXProject;
			attributes = {
				LastSwiftUpdateCheck = 1140;
				LastUpgradeCheck = 1140;
				ORGANIZATIONNAME = clarknt;
				TargetAttributes = {
					9537023624475B6200A7314F = {
						CreatedOnToolsVersion = 11.4;
					};
				};
			};
			buildConfigurationList = 9537023224475B6200A7314F /* Build configuration list for PBXProject "Pairs" */;
			compatibilityVersion = "Xcode 9.3";
			developmentRegion = en;
			hasScannedForEncodings = 0;
			knownRegions = (
				en,
				Base,
			);
			mainGroup = 9537022E24475B6200A7314F;
			productRefGroup = 9537023824475B6200A7314F /* Products */;
			projectDirPath = "";
			projectRoot = "";
			targets = (
				9537023624475B6200A7314F /* Pairs */,
			);
		};
/* End PBXProject section */

/* Begin PBXResourcesBuildPhase section */
		9537023524475B6200A7314F /* Resources */ = {
			isa = PBXResourcesBuildPhase;
			buildActionMask = 2147483647;
			files = (
				9537025024475DB800A7314F /* math.json in Resources */,
				9537024524475B6500A7314F /* Main.storyboard in Resources */,
				9537024224475B6500A7314F /* Preview Assets.xcassets in Resources */,
				9537024F24475DB800A7314F /* capitals.json in Resources */,
				959164B82447C79900A218DF /* cars.json in Resources */,
				9537023F24475B6500A7314F /* Assets.xcassets in Resources */,
			);
			runOnlyForDeploymentPostprocessing = 0;
		};
/* End PBXResourcesBuildPhase section */

/* Begin PBXSourcesBuildPhase section */
		9537023324475B6200A7314F /* Sources */ = {
			isa = PBXSourcesBuildPhase;
			buildActionMask = 2147483647;
			files = (
				9537023D24475B6200A7314F /* MainView.swift in Sources */,
				959164A92447BDCD00A218DF /* CardState.swift in Sources */,
				959164B02447BE7700A218DF /* Styles.swift in Sources */,
				959164A72447BDA600A218DF /* Card.swift in Sources */,
				959164AB2447BDDA00A218DF /* CartPart.swift in Sources */,
				959164AD2447BE1B00A218DF /* SettingsButton.swift in Sources */,
				9537023B24475B6200A7314F /* AppDelegate.swift in Sources */,
				959164B22447BF4500A218DF /* SettingsView.swift in Sources */,
				9591649C2447BBDE00A218DF /* CardView.swift in Sources */,
				959164B42447BF7100A218DF /* Settings.swift in Sources */,
				9591649E2447BC3600A218DF /* CardBack.swift in Sources */,
				959164A22447BCA500A218DF /* GridStack.swift in Sources */,
				9591649A2447BBBE00A218DF /* Deck.swift in Sources */,
				959164A02447BC5300A218DF /* CardFront.swift in Sources */,
				959164A52447BD8B00A218DF /* Bundle+Decode.swift in Sources */,
			);
			runOnlyForDeploymentPostprocessing = 0;
		};
/* End PBXSourcesBuildPhase section */

/* Begin PBXVariantGroup section */
		9537024324475B6500A7314F /* Main.storyboard */ = {
			isa = PBXVariantGroup;
			children = (
				9537024424475B6500A7314F /* Base */,
			);
			name = Main.storyboard;
			sourceTree = "<group>";
		};
/* End PBXVariantGroup section */

/* Begin XCBuildConfiguration section */
		9537024824475B6500A7314F /* Debug */ = {
			isa = XCBuildConfiguration;
			buildSettings = {
				ALWAYS_SEARCH_USER_PATHS = NO;
				CLANG_ANALYZER_NONNULL = YES;
				CLANG_ANALYZER_NUMBER_OBJECT_CONVERSION = YES_AGGRESSIVE;
				CLANG_CXX_LANGUAGE_STANDARD = "gnu++14";
				CLANG_CXX_LIBRARY = "libc++";
				CLANG_ENABLE_MODULES = YES;
				CLANG_ENABLE_OBJC_ARC = YES;
				CLANG_ENABLE_OBJC_WEAK = YES;
				CLANG_WARN_BLOCK_CAPTURE_AUTORELEASING = YES;
				CLANG_WARN_BOOL_CONVERSION = YES;
				CLANG_WARN_COMMA = YES;
				CLANG_WARN_CONSTANT_CONVERSION = YES;
				CLANG_WARN_DEPRECATED_OBJC_IMPLEMENTATIONS = YES;
				CLANG_WARN_DIRECT_OBJC_ISA_USAGE = YES_ERROR;
				CLANG_WARN_DOCUMENTATION_COMMENTS = YES;
				CLANG_WARN_EMPTY_BODY = YES;
				CLANG_WARN_ENUM_CONVERSION = YES;
				CLANG_WARN_INFINITE_RECURSION = YES;
				CLANG_WARN_INT_CONVERSION = YES;
				CLANG_WARN_NON_LITERAL_NULL_CONVERSION = YES;
				CLANG_WARN_OBJC_IMPLICIT_RETAIN_SELF = YES;
				CLANG_WARN_OBJC_LITERAL_CONVERSION = YES;
				CLANG_WARN_OBJC_ROOT_CLASS = YES_ERROR;
				CLANG_WARN_RANGE_LOOP_ANALYSIS = YES;
				CLANG_WARN_STRICT_PROTOTYPES = YES;
				CLANG_WARN_SUSPICIOUS_MOVE = YES;
				CLANG_WARN_UNGUARDED_AVAILABILITY = YES_AGGRESSIVE;
				CLANG_WARN_UNREACHABLE_CODE = YES;
				CLANG_WARN__DUPLICATE_METHOD_MATCH = YES;
				COPY_PHASE_STRIP = NO;
				DEBUG_INFORMATION_FORMAT = dwarf;
				ENABLE_STRICT_OBJC_MSGSEND = YES;
				ENABLE_TESTABILITY = YES;
				GCC_C_LANGUAGE_STANDARD = gnu11;
				GCC_DYNAMIC_NO_PIC = NO;
				GCC_NO_COMMON_BLOCKS = YES;
				GCC_OPTIMIZATION_LEVEL = 0;
				GCC_PREPROCESSOR_DEFINITIONS = (
					"DEBUG=1",
					"$(inherited)",
				);
				GCC_WARN_64_TO_32_BIT_CONVERSION = YES;
				GCC_WARN_ABOUT_RETURN_TYPE = YES_ERROR;
				GCC_WARN_UNDECLARED_SELECTOR = YES;
				GCC_WARN_UNINITIALIZED_AUTOS = YES_AGGRESSIVE;
				GCC_WARN_UNUSED_FUNCTION = YES;
				GCC_WARN_UNUSED_VARIABLE = YES;
				MACOSX_DEPLOYMENT_TARGET = 10.15;
				MTL_ENABLE_DEBUG_INFO = INCLUDE_SOURCE;
				MTL_FAST_MATH = YES;
				ONLY_ACTIVE_ARCH = YES;
				SDKROOT = macosx;
				SWIFT_ACTIVE_COMPILATION_CONDITIONS = DEBUG;
				SWIFT_OPTIMIZATION_LEVEL = "-Onone";
			};
			name = Debug;
		};
		9537024924475B6500A7314F /* Release */ = {
			isa = XCBuildConfiguration;
			buildSettings = {
				ALWAYS_SEARCH_USER_PATHS = NO;
				CLANG_ANALYZER_NONNULL = YES;
				CLANG_ANALYZER_NUMBER_OBJECT_CONVERSION = YES_AGGRESSIVE;
				CLANG_CXX_LANGUAGE_STANDARD = "gnu++14";
				CLANG_CXX_LIBRARY = "libc++";
				CLANG_ENABLE_MODULES = YES;
				CLANG_ENABLE_OBJC_ARC = YES;
				CLANG_ENABLE_OBJC_WEAK = YES;
				CLANG_WARN_BLOCK_CAPTURE_AUTORELEASING = YES;
				CLANG_WARN_BOOL_CONVERSION = YES;
				CLANG_WARN_COMMA = YES;
				CLANG_WARN_CONSTANT_CONVERSION = YES;
				CLANG_WARN_DEPRECATED_OBJC_IMPLEMENTATIONS = YES;
				CLANG_WARN_DIRECT_OBJC_ISA_USAGE = YES_ERROR;
				CLANG_WARN_DOCUMENTATION_COMMENTS = YES;
				CLANG_WARN_EMPTY_BODY = YES;
				CLANG_WARN_ENUM_CONVERSION = YES;
				CLANG_WARN_INFINITE_RECURSION = YES;
				CLANG_WARN_INT_CONVERSION = YES;
				CLANG_WARN_NON_LITERAL_NULL_CONVERSION = YES;
				CLANG_WARN_OBJC_IMPLICIT_RETAIN_SELF = YES;
				CLANG_WARN_OBJC_LITERAL_CONVERSION = YES;
				CLANG_WARN_OBJC_ROOT_CLASS = YES_ERROR;
				CLANG_WARN_RANGE_LOOP_ANALYSIS = YES;
				CLANG_WARN_STRICT_PROTOTYPES = YES;
				CLANG_WARN_SUSPICIOUS_MOVE = YES;
				CLANG_WARN_UNGUARDED_AVAILABILITY = YES_AGGRESSIVE;
				CLANG_WARN_UNREACHABLE_CODE = YES;
				CLANG_WARN__DUPLICATE_METHOD_MATCH = YES;
				COPY_PHASE_STRIP = NO;
				DEBUG_INFORMATION_FORMAT = "dwarf-with-dsym";
				ENABLE_NS_ASSERTIONS = NO;
				ENABLE_STRICT_OBJC_MSGSEND = YES;
				GCC_C_LANGUAGE_STANDARD = gnu11;
				GCC_NO_COMMON_BLOCKS = YES;
				GCC_WARN_64_TO_32_BIT_CONVERSION = YES;
				GCC_WARN_ABOUT_RETURN_TYPE = YES_ERROR;
				GCC_WARN_UNDECLARED_SELECTOR = YES;
				GCC_WARN_UNINITIALIZED_AUTOS = YES_AGGRESSIVE;
				GCC_WARN_UNUSED_FUNCTION = YES;
				GCC_WARN_UNUSED_VARIABLE = YES;
				MACOSX_DEPLOYMENT_TARGET = 10.15;
				MTL_ENABLE_DEBUG_INFO = NO;
				MTL_FAST_MATH = YES;
				SDKROOT = macosx;
				SWIFT_COMPILATION_MODE = wholemodule;
				SWIFT_OPTIMIZATION_LEVEL = "-O";
			};
			name = Release;
		};
		9537024B24475B6500A7314F /* Debug */ = {
			isa = XCBuildConfiguration;
			buildSettings = {
				ASSETCATALOG_COMPILER_APPICON_NAME = AppIcon;
				CODE_SIGN_ENTITLEMENTS = Pairs/Pairs.entitlements;
				CODE_SIGN_STYLE = Automatic;
				COMBINE_HIDPI_IMAGES = YES;
				DEVELOPMENT_ASSET_PATHS = "\"Pairs/Preview Content\"";
				ENABLE_PREVIEWS = YES;
				INFOPLIST_FILE = Pairs/Info.plist;
				LD_RUNPATH_SEARCH_PATHS = (
					"$(inherited)",
					"@executable_path/../Frameworks",
				);
				MACOSX_DEPLOYMENT_TARGET = 10.15;
				PRODUCT_BUNDLE_IDENTIFIER = "clarknt.swiftui-live.Pairs";
				PRODUCT_NAME = "$(TARGET_NAME)";
				SWIFT_VERSION = 5.0;
			};
			name = Debug;
		};
		9537024C24475B6500A7314F /* Release */ = {
			isa = XCBuildConfiguration;
			buildSettings = {
				ASSETCATALOG_COMPILER_APPICON_NAME = AppIcon;
				CODE_SIGN_ENTITLEMENTS = Pairs/Pairs.entitlements;
				CODE_SIGN_STYLE = Automatic;
				COMBINE_HIDPI_IMAGES = YES;
				DEVELOPMENT_ASSET_PATHS = "\"Pairs/Preview Content\"";
				ENABLE_PREVIEWS = YES;
				INFOPLIST_FILE = Pairs/Info.plist;
				LD_RUNPATH_SEARCH_PATHS = (
					"$(inherited)",
					"@executable_path/../Frameworks",
				);
				MACOSX_DEPLOYMENT_TARGET = 10.15;
				PRODUCT_BUNDLE_IDENTIFIER = "clarknt.swiftui-live.Pairs";
				PRODUCT_NAME = "$(TARGET_NAME)";
				SWIFT_VERSION = 5.0;
			};
			name = Release;
		};
/* End XCBuildConfiguration section */

/* Begin XCConfigurationList section */
		9537023224475B6200A7314F /* Build configuration list for PBXProject "Pairs" */ = {
			isa = XCConfigurationList;
			buildConfigurations = (
				9537024824475B6500A7314F /* Debug */,
				9537024924475B6500A7314F /* Release */,
			);
			defaultConfigurationIsVisible = 0;
			defaultConfigurationName = Release;
		};
		9537024A24475B6500A7314F /* Build configuration list for PBXNativeTarget "Pairs" */ = {
			isa = XCConfigurationList;
			buildConfigurations = (
				9537024B24475B6500A7314F /* Debug */,
				9537024C24475B6500A7314F /* Release */,
			);
			defaultConfigurationIsVisible = 0;
			defaultConfigurationName = Release;
		};
/* End XCConfigurationList section */
	};
	rootObject = 9537022F24475B6200A7314F /* Project object */;
}
